
Microsoft Visual Studio Solution File, Format Version 12.00
# Visual Studio Version 16
VisualStudioVersion = 16.0.30309.148
MinimumVisualStudioVersion = 10.0.40219.1
Project("{FAE04EC0-301F-11D3-BF4B-00C04F79EFBC}") = "WebApplication6", "WebApplication6.csproj", "{D784A69C-763D-4021-913B-312D0D81CFF4}"
EndProject
Global
	GlobalSection(SolutionConfigurationPlatforms) = preSolution
		Debug|Any CPU = Debug|Any CPU
		Release|Any CPU = Release|Any CPU
	EndGlobalSection
	GlobalSection(ProjectConfigurationPlatforms) = postSolution
		{D784A69C-763D-4021-913B-312D0D81CFF4}.Debug|Any CPU.ActiveCfg = Debug|Any CPU
		{D784A69C-763D-4021-913B-312D0D81CFF4}.Debug|Any CPU.Build.0 = Debug|Any CPU
		{D784A69C-763D-4021-913B-312D0D81CFF4}.Release|Any CPU.ActiveCfg = Release|Any CPU
		{D784A69C-763D-4021-913B-312D0D81CFF4}.Release|Any CPU.Build.0 = Release|Any CPU
	EndGlobalSection
	GlobalSection(SolutionProperties) = preSolution
		HideSolutionNode = FALSE
	EndGlobalSection
	GlobalSection(ExtensibilityGlobals) = postSolution
		SolutionGuid = {EF180EFD-2CDF-4A50-B228-DF0D6FD52751}
	EndGlobalSection
EndGlobal
